
Microsoft Visual Studio Solution File, Format Version 12.00
# Visual Studio Version 17
VisualStudioVersion = 17.9.34723.18
MinimumVisualStudioVersion = 10.0.40219.1
Project("{9A19103F-16F7-4668-BE54-9A1E7A4F7556}") = "Business", "src\Business\Business.csproj", "{8E643C18-CDC0-4B43-BC36-5F60251070F2}"
EndProject
Project("{9A19103F-16F7-4668-BE54-9A1E7A4F7556}") = "Data", "src\Data\Data.csproj", "{17FFB658-A766-4A50-B3C6-016C8825956A}"
EndProject
Project("{9A19103F-16F7-4668-BE54-9A1E7A4F7556}") = "App", "src\App\App.csproj", "{791D4FBD-F1FF-400C-997B-C5C6C1398EF3}"
EndProject
Global
	GlobalSection(SolutionConfigurationPlatforms) = preSolution
		Debug|Any CPU = Debug|Any CPU
		Release|Any CPU = Release|Any CPU
	EndGlobalSection
	GlobalSection(ProjectConfigurationPlatforms) = postSolution
		{8E643C18-CDC0-4B43-BC36-5F60251070F2}.Debug|Any CPU.ActiveCfg = Debug|Any CPU
		{8E643C18-CDC0-4B43-BC36-5F60251070F2}.Debug|Any CPU.Build.0 = Debug|Any CPU
		{8E643C18-CDC0-4B43-BC36-5F60251070F2}.Release|Any CPU.ActiveCfg = Release|Any CPU
		{8E643C18-CDC0-4B43-BC36-5F60251070F2}.Release|Any CPU.Build.0 = Release|Any CPU
		{17FFB658-A766-4A50-B3C6-016C8825956A}.Debug|Any CPU.ActiveCfg = Debug|Any CPU
		{17FFB658-A766-4A50-B3C6-016C8825956A}.Debug|Any CPU.Build.0 = Debug|Any CPU
		{17FFB658-A766-4A50-B3C6-016C8825956A}.Release|Any CPU.ActiveCfg = Release|Any CPU
		{17FFB658-A766-4A50-B3C6-016C8825956A}.Release|Any CPU.Build.0 = Release|Any CPU
		{791D4FBD-F1FF-400C-997B-C5C6C1398EF3}.Debug|Any CPU.ActiveCfg = Debug|Any CPU
		{791D4FBD-F1FF-400C-997B-C5C6C1398EF3}.Debug|Any CPU.Build.0 = Debug|Any CPU
		{791D4FBD-F1FF-400C-997B-C5C6C1398EF3}.Release|Any CPU.ActiveCfg = Release|Any CPU
		{791D4FBD-F1FF-400C-997B-C5C6C1398EF3}.Release|Any CPU.Build.0 = Release|Any CPU
	EndGlobalSection
	GlobalSection(SolutionProperties) = preSolution
		HideSolutionNode = FALSE
	EndGlobalSection
	GlobalSection(ExtensibilityGlobals) = postSolution
		SolutionGuid = {1B745539-9D54-4CA5-BFCD-A8B3605E6EFB}
	EndGlobalSection
EndGlobal
