
Microsoft Visual Studio Solution File, Format Version 12.00
# Visual Studio Version 17
VisualStudioVersion = 17.9.34723.18
MinimumVisualStudioVersion = 10.0.40219.1
Project("{FAE04EC0-301F-11D3-BF4B-00C04F79EFBC}") = "App", "App\App.csproj", "{46DDB012-77C1-47DA-80B6-A25F0D9AE5B5}"
EndProject
Global
	GlobalSection(SolutionConfigurationPlatforms) = preSolution
		Debug|Any CPU = Debug|Any CPU
		Release|Any CPU = Release|Any CPU
	EndGlobalSection
	GlobalSection(ProjectConfigurationPlatforms) = postSolution
		{46DDB012-77C1-47DA-80B6-A25F0D9AE5B5}.Debug|Any CPU.ActiveCfg = Debug|Any CPU
		{46DDB012-77C1-47DA-80B6-A25F0D9AE5B5}.Debug|Any CPU.Build.0 = Debug|Any CPU
		{46DDB012-77C1-47DA-80B6-A25F0D9AE5B5}.Release|Any CPU.ActiveCfg = Release|Any CPU
		{46DDB012-77C1-47DA-80B6-A25F0D9AE5B5}.Release|Any CPU.Build.0 = Release|Any CPU
	EndGlobalSection
	GlobalSection(SolutionProperties) = preSolution
		HideSolutionNode = FALSE
	EndGlobalSection
	GlobalSection(ExtensibilityGlobals) = postSolution
		SolutionGuid = {28BC890D-3D2C-428A-906B-C9C20A2AE948}
	EndGlobalSection
EndGlobal
